
Microsoft Visual Studio Solution File, Format Version 12.00
# Visual Studio Version 17
VisualStudioVersion = 17.1.32328.378
MinimumVisualStudioVersion = 10.0.40219.1
Project("{8BC9CEB8-8B4A-11D0-8D11-00A0C91BC942}") = "Pointers", "Pointers\Pointers.vcxproj", "{E1D8F34E-6395-4C3E-B644-A43851FADDF4}"
EndProject
Project("{8BC9CEB8-8B4A-11D0-8D11-00A0C91BC942}") = "TransferParameters", "TransferParameters\TransferParameters.vcxproj", "{3CBD706F-65C1-4FED-B927-BA2268051E8B}"
EndProject
Project("{8BC9CEB8-8B4A-11D0-8D11-00A0C91BC942}") = "References", "References\References.vcxproj", "{1B1B752F-97A7-455F-A481-12BBFF06CB5E}"
EndProject
Project("{8BC9CEB8-8B4A-11D0-8D11-00A0C91BC942}") = "DynamicMemory", "DynamicMemory\DynamicMemory.vcxproj", "{D7129342-B41C-4B81-8C76-A4664D51F0AC}"
EndProject
Project("{8BC9CEB8-8B4A-11D0-8D11-00A0C91BC942}") = "Split (Homework 1.1)", "Split (Homework 1)\Split (Homework 1).vcxproj", "{A2BFF9EF-DAC4-4AB7-869B-A16808E8D142}"
EndProject
Project("{8BC9CEB8-8B4A-11D0-8D11-00A0C91BC942}") = "DynamicMemory (Homework 1.2)", "DynamicMemory (Homework 1.2)\DynamicMemory (Homework 1.2).vcxproj", "{3AB4B5FF-0196-46A9-B315-229CEAA8DF1F}"
EndProject
Project("{8BC9CEB8-8B4A-11D0-8D11-00A0C91BC942}") = "Splt (Analysis Homework 1.1)", "Splt (Analysis Homework 1.1)\Splt (Analysis Homework 1.1).vcxproj", "{BCF7D1BB-AAB8-467C-B946-46784C3C94C3}"
EndProject
Project("{8BC9CEB8-8B4A-11D0-8D11-00A0C91BC942}") = "Homework 2", "Homework 2\Homework 2.vcxproj", "{43AF72EC-7393-40DF-82E9-93F293AFB727}"
EndProject
Global
	GlobalSection(SolutionConfigurationPlatforms) = preSolution
		Debug|x64 = Debug|x64
		Debug|x86 = Debug|x86
		Release|x64 = Release|x64
		Release|x86 = Release|x86
	EndGlobalSection
	GlobalSection(ProjectConfigurationPlatforms) = postSolution
		{E1D8F34E-6395-4C3E-B644-A43851FADDF4}.Debug|x64.ActiveCfg = Debug|x64
		{E1D8F34E-6395-4C3E-B644-A43851FADDF4}.Debug|x64.Build.0 = Debug|x64
		{E1D8F34E-6395-4C3E-B644-A43851FADDF4}.Debug|x86.ActiveCfg = Debug|Win32
		{E1D8F34E-6395-4C3E-B644-A43851FADDF4}.Debug|x86.Build.0 = Debug|Win32
		{E1D8F34E-6395-4C3E-B644-A43851FADDF4}.Release|x64.ActiveCfg = Release|x64
		{E1D8F34E-6395-4C3E-B644-A43851FADDF4}.Release|x64.Build.0 = Release|x64
		{E1D8F34E-6395-4C3E-B644-A43851FADDF4}.Release|x86.ActiveCfg = Release|Win32
		{E1D8F34E-6395-4C3E-B644-A43851FADDF4}.Release|x86.Build.0 = Release|Win32
		{3CBD706F-65C1-4FED-B927-BA2268051E8B}.Debug|x64.ActiveCfg = Debug|x64
		{3CBD706F-65C1-4FED-B927-BA2268051E8B}.Debug|x64.Build.0 = Debug|x64
		{3CBD706F-65C1-4FED-B927-BA2268051E8B}.Debug|x86.ActiveCfg = Debug|Win32
		{3CBD706F-65C1-4FED-B927-BA2268051E8B}.Debug|x86.Build.0 = Debug|Win32
		{3CBD706F-65C1-4FED-B927-BA2268051E8B}.Release|x64.ActiveCfg = Release|x64
		{3CBD706F-65C1-4FED-B927-BA2268051E8B}.Release|x64.Build.0 = Release|x64
		{3CBD706F-65C1-4FED-B927-BA2268051E8B}.Release|x86.ActiveCfg = Release|Win32
		{3CBD706F-65C1-4FED-B927-BA2268051E8B}.Release|x86.Build.0 = Release|Win32
		{1B1B752F-97A7-455F-A481-12BBFF06CB5E}.Debug|x64.ActiveCfg = Debug|x64
		{1B1B752F-97A7-455F-A481-12BBFF06CB5E}.Debug|x64.Build.0 = Debug|x64
		{1B1B752F-97A7-455F-A481-12BBFF06CB5E}.Debug|x86.ActiveCfg = Debug|Win32
		{1B1B752F-97A7-455F-A481-12BBFF06CB5E}.Debug|x86.Build.0 = Debug|Win32
		{1B1B752F-97A7-455F-A481-12BBFF06CB5E}.Release|x64.ActiveCfg = Release|x64
		{1B1B752F-97A7-455F-A481-12BBFF06CB5E}.Release|x64.Build.0 = Release|x64
		{1B1B752F-97A7-455F-A481-12BBFF06CB5E}.Release|x86.ActiveCfg = Release|Win32
		{1B1B752F-97A7-455F-A481-12BBFF06CB5E}.Release|x86.Build.0 = Release|Win32
		{D7129342-B41C-4B81-8C76-A4664D51F0AC}.Debug|x64.ActiveCfg = Debug|x64
		{D7129342-B41C-4B81-8C76-A4664D51F0AC}.Debug|x64.Build.0 = Debug|x64
		{D7129342-B41C-4B81-8C76-A4664D51F0AC}.Debug|x86.ActiveCfg = Debug|Win32
		{D7129342-B41C-4B81-8C76-A4664D51F0AC}.Debug|x86.Build.0 = Debug|Win32
		{D7129342-B41C-4B81-8C76-A4664D51F0AC}.Release|x64.ActiveCfg = Release|x64
		{D7129342-B41C-4B81-8C76-A4664D51F0AC}.Release|x64.Build.0 = Release|x64
		{D7129342-B41C-4B81-8C76-A4664D51F0AC}.Release|x86.ActiveCfg = Release|Win32
		{D7129342-B41C-4B81-8C76-A4664D51F0AC}.Release|x86.Build.0 = Release|Win32
		{A2BFF9EF-DAC4-4AB7-869B-A16808E8D142}.Debug|x64.ActiveCfg = Debug|x64
		{A2BFF9EF-DAC4-4AB7-869B-A16808E8D142}.Debug|x64.Build.0 = Debug|x64
		{A2BFF9EF-DAC4-4AB7-869B-A16808E8D142}.Debug|x86.ActiveCfg = Debug|Win32
		{A2BFF9EF-DAC4-4AB7-869B-A16808E8D142}.Debug|x86.Build.0 = Debug|Win32
		{A2BFF9EF-DAC4-4AB7-869B-A16808E8D142}.Release|x64.ActiveCfg = Release|x64
		{A2BFF9EF-DAC4-4AB7-869B-A16808E8D142}.Release|x64.Build.0 = Release|x64
		{A2BFF9EF-DAC4-4AB7-869B-A16808E8D142}.Release|x86.ActiveCfg = Release|Win32
		{A2BFF9EF-DAC4-4AB7-869B-A16808E8D142}.Release|x86.Build.0 = Release|Win32
		{3AB4B5FF-0196-46A9-B315-229CEAA8DF1F}.Debug|x64.ActiveCfg = Debug|x64
		{3AB4B5FF-0196-46A9-B315-229CEAA8DF1F}.Debug|x64.Build.0 = Debug|x64
		{3AB4B5FF-0196-46A9-B315-229CEAA8DF1F}.Debug|x86.ActiveCfg = Debug|Win32
		{3AB4B5FF-0196-46A9-B315-229CEAA8DF1F}.Debug|x86.Build.0 = Debug|Win32
		{3AB4B5FF-0196-46A9-B315-229CEAA8DF1F}.Release|x64.ActiveCfg = Release|x64
		{3AB4B5FF-0196-46A9-B315-229CEAA8DF1F}.Release|x64.Build.0 = Release|x64
		{3AB4B5FF-0196-46A9-B315-229CEAA8DF1F}.Release|x86.ActiveCfg = Release|Win32
		{3AB4B5FF-0196-46A9-B315-229CEAA8DF1F}.Release|x86.Build.0 = Release|Win32
		{BCF7D1BB-AAB8-467C-B946-46784C3C94C3}.Debug|x64.ActiveCfg = Debug|x64
		{BCF7D1BB-AAB8-467C-B946-46784C3C94C3}.Debug|x64.Build.0 = Debug|x64
		{BCF7D1BB-AAB8-467C-B946-46784C3C94C3}.Debug|x86.ActiveCfg = Debug|Win32
		{BCF7D1BB-AAB8-467C-B946-46784C3C94C3}.Debug|x86.Build.0 = Debug|Win32
		{BCF7D1BB-AAB8-467C-B946-46784C3C94C3}.Release|x64.ActiveCfg = Release|x64
		{BCF7D1BB-AAB8-467C-B946-46784C3C94C3}.Release|x64.Build.0 = Release|x64
		{BCF7D1BB-AAB8-467C-B946-46784C3C94C3}.Release|x86.ActiveCfg = Release|Win32
		{BCF7D1BB-AAB8-467C-B946-46784C3C94C3}.Release|x86.Build.0 = Release|Win32
		{43AF72EC-7393-40DF-82E9-93F293AFB727}.Debug|x64.ActiveCfg = Debug|x64
		{43AF72EC-7393-40DF-82E9-93F293AFB727}.Debug|x64.Build.0 = Debug|x64
		{43AF72EC-7393-40DF-82E9-93F293AFB727}.Debug|x86.ActiveCfg = Debug|Win32
		{43AF72EC-7393-40DF-82E9-93F293AFB727}.Debug|x86.Build.0 = Debug|Win32
		{43AF72EC-7393-40DF-82E9-93F293AFB727}.Release|x64.ActiveCfg = Release|x64
		{43AF72EC-7393-40DF-82E9-93F293AFB727}.Release|x64.Build.0 = Release|x64
		{43AF72EC-7393-40DF-82E9-93F293AFB727}.Release|x86.ActiveCfg = Release|Win32
		{43AF72EC-7393-40DF-82E9-93F293AFB727}.Release|x86.Build.0 = Release|Win32
	EndGlobalSection
	GlobalSection(SolutionProperties) = preSolution
		HideSolutionNode = FALSE
	EndGlobalSection
	GlobalSection(ExtensibilityGlobals) = postSolution
		SolutionGuid = {5B22A965-8005-436F-8E39-1FE927FCC0B4}
	EndGlobalSection
EndGlobal
